
Microsoft Visual Studio Solution File, Format Version 12.00
Project("{FAE04EC0-301F-11D3-BF4B-00C04F79EFBC}") = "qs.EmployeesApp.Web", "qs.EmployeesApp.Web\qs.EmployeesApp.Web.csproj", "{B23B65D7-06CA-44D0-ACC9-44418A42C9C0}"
EndProject
Global
	GlobalSection(SolutionConfigurationPlatforms) = preSolution
		Debug|Any CPU = Debug|Any CPU
		Release|Any CPU = Release|Any CPU
	EndGlobalSection
	GlobalSection(ProjectConfigurationPlatforms) = postSolution
		{B23B65D7-06CA-44D0-ACC9-44418A42C9C0}.Debug|Any CPU.ActiveCfg = Debug|Any CPU
		{B23B65D7-06CA-44D0-ACC9-44418A42C9C0}.Debug|Any CPU.Build.0 = Debug|Any CPU
		{B23B65D7-06CA-44D0-ACC9-44418A42C9C0}.Release|Any CPU.ActiveCfg = Release|Any CPU
		{B23B65D7-06CA-44D0-ACC9-44418A42C9C0}.Release|Any CPU.Build.0 = Release|Any CPU
	EndGlobalSection
EndGlobal
